
Microsoft Visual Studio Solution File, Format Version 12.00
# Visual Studio Version 16
VisualStudioVersion = 16.0.29123.88
MinimumVisualStudioVersion = 10.0.40219.1
Project("{FAE04EC0-301F-11D3-BF4B-00C04F79EFBC}") = "Ejer1_Tema3", "Ejer1_Tema3\Ejer1_Tema3.csproj", "{CA47DB95-2093-4425-ADBF-FAEF811E8A97}"
EndProject
Project("{FAE04EC0-301F-11D3-BF4B-00C04F79EFBC}") = "Cliente", "Cliente\Cliente.csproj", "{0FD05803-9760-48C8-8B49-5EEBF8CDFB5D}"
EndProject
Global
	GlobalSection(SolutionConfigurationPlatforms) = preSolution
		Debug|Any CPU = Debug|Any CPU
		Release|Any CPU = Release|Any CPU
	EndGlobalSection
	GlobalSection(ProjectConfigurationPlatforms) = postSolution
		{CA47DB95-2093-4425-ADBF-FAEF811E8A97}.Debug|Any CPU.ActiveCfg = Debug|Any CPU
		{CA47DB95-2093-4425-ADBF-FAEF811E8A97}.Debug|Any CPU.Build.0 = Debug|Any CPU
		{CA47DB95-2093-4425-ADBF-FAEF811E8A97}.Release|Any CPU.ActiveCfg = Release|Any CPU
		{CA47DB95-2093-4425-ADBF-FAEF811E8A97}.Release|Any CPU.Build.0 = Release|Any CPU
		{0FD05803-9760-48C8-8B49-5EEBF8CDFB5D}.Debug|Any CPU.ActiveCfg = Debug|Any CPU
		{0FD05803-9760-48C8-8B49-5EEBF8CDFB5D}.Debug|Any CPU.Build.0 = Debug|Any CPU
		{0FD05803-9760-48C8-8B49-5EEBF8CDFB5D}.Release|Any CPU.ActiveCfg = Release|Any CPU
		{0FD05803-9760-48C8-8B49-5EEBF8CDFB5D}.Release|Any CPU.Build.0 = Release|Any CPU
	EndGlobalSection
	GlobalSection(SolutionProperties) = preSolution
		HideSolutionNode = FALSE
	EndGlobalSection
	GlobalSection(ExtensibilityGlobals) = postSolution
		SolutionGuid = {7EBC5BC4-01FE-4032-A5DB-F778A356100F}
	EndGlobalSection
EndGlobal
